
Microsoft Visual Studio Solution File, Format Version 12.00
# Visual Studio Version 17
VisualStudioVersion = 17.10.34928.147
MinimumVisualStudioVersion = 10.0.40219.1
Project("{FAE04EC0-301F-11D3-BF4B-00C04F79EFBC}") = "RevitBridge", "RevitBridge\RevitBridge.csproj", "{F49AB745-174F-495D-932F-E8B585427312}"
EndProject
Global
	GlobalSection(SolutionConfigurationPlatforms) = preSolution
		Debug|Any CPU = Debug|Any CPU
		Release|Any CPU = Release|Any CPU
	EndGlobalSection
	GlobalSection(ProjectConfigurationPlatforms) = postSolution
		{F49AB745-174F-495D-932F-E8B585427312}.Debug|Any CPU.ActiveCfg = Debug|Any CPU
		{F49AB745-174F-495D-932F-E8B585427312}.Debug|Any CPU.Build.0 = Debug|Any CPU
		{F49AB745-174F-495D-932F-E8B585427312}.Release|Any CPU.ActiveCfg = Release|Any CPU
		{F49AB745-174F-495D-932F-E8B585427312}.Release|Any CPU.Build.0 = Release|Any CPU
	EndGlobalSection
	GlobalSection(SolutionProperties) = preSolution
		HideSolutionNode = FALSE
	EndGlobalSection
	GlobalSection(ExtensibilityGlobals) = postSolution
		SolutionGuid = {780CB2AB-90AC-4DA0-9976-FDB80F83153F}
	EndGlobalSection
EndGlobal
